{
  "requires": true,
  "lockfileVersion": 1,
  "dependencies": {
    "canvas-toBlob": {
      "version": "1.0.0",
      "resolved": "https://registry.npmjs.org/canvas-toBlob/-/canvas-toBlob-1.0.0.tgz",
      "integrity": "sha1-m/MrKGu04SUhiyCO7MgyH9Az5sM="
    },
    "canvg-browser": {
      "version": "1.0.0",
      "resolved": "https://registry.npmjs.org/canvg-browser/-/canvg-browser-1.0.0.tgz",
      "integrity": "sha1-xjy1qeegxwaYqch3g0c+YJFepIM=",
      "requires": {
        "rgbcolor": "0.0.4",
        "stackblur": "^1.0.0",
        "xmldom": "^0.1.22"
      }
    },
    "commander": {
      "version": "2.20.3",
      "resolved": "https://registry.npmjs.org/commander/-/commander-2.20.3.tgz",
      "integrity": "sha512-GpVkmM8vF2vQUkj2LvZmD35JxeJOLCwJ9cUkugyk2nuhbv3+mJvpLYYt+0+USMxE+oj+ey/lJEnhZw75x/OMcQ=="
    },
    "d3-array": {
      "version": "1.2.4",
      "resolved": "https://registry.npmjs.org/d3-array/-/d3-array-1.2.4.tgz",
      "integrity": "sha512-KHW6M86R+FUPYGb3R5XiYjXPq7VzwxZ22buHhAEVG5ztoEcZZMLov530mmccaqA1GghZArjQV46fuc8kUqhhHw=="
    },
    "d3-brush": {
      "version": "1.1.5",
      "resolved": "https://registry.npmjs.org/d3-brush/-/d3-brush-1.1.5.tgz",
      "integrity": "sha512-rEaJ5gHlgLxXugWjIkolTA0OyMvw8UWU1imYXy1v642XyyswmI1ybKOv05Ft+ewq+TFmdliD3VuK0pRp1VT/5A==",
      "requires": {
        "d3-dispatch": "1",
        "d3-drag": "1",
        "d3-interpolate": "1",
        "d3-selection": "1",
        "d3-transition": "1"
      }
    },
    "d3-collection": {
      "version": "1.0.7",
      "resolved": "https://registry.npmjs.org/d3-collection/-/d3-collection-1.0.7.tgz",
      "integrity": "sha512-ii0/r5f4sjKNTfh84Di+DpztYwqKhEyUlKoPrzUFfeSkWxjW49xU2QzO9qrPrNkpdI0XJkfzvmTu8V2Zylln6A=="
    },
    "d3-color": {
      "version": "1.4.0",
      "resolved": "https://registry.npmjs.org/d3-color/-/d3-color-1.4.0.tgz",
      "integrity": "sha512-TzNPeJy2+iEepfiL92LAAB7fvnp/dV2YwANPVHdDWmYMm23qIJBYww3qT8I8C1wXrmrg4UWs7BKc2tKIgyjzHg=="
    },
    "d3-dispatch": {
      "version": "1.0.6",
      "resolved": "https://registry.npmjs.org/d3-dispatch/-/d3-dispatch-1.0.6.tgz",
      "integrity": "sha512-fVjoElzjhCEy+Hbn8KygnmMS7Or0a9sI2UzGwoB7cCtvI1XpVN9GpoYlnb3xt2YV66oXYb1fLJ8GMvP4hdU1RA=="
    },
    "d3-drag": {
      "version": "1.2.5",
      "resolved": "https://registry.npmjs.org/d3-drag/-/d3-drag-1.2.5.tgz",
      "integrity": "sha512-rD1ohlkKQwMZYkQlYVCrSFxsWPzI97+W+PaEIBNTMxRuxz9RF0Hi5nJWHGVJ3Om9d2fRTe1yOBINJyy/ahV95w==",
      "requires": {
        "d3-dispatch": "1",
        "d3-selection": "1"
      }
    },
    "d3-dsv": {
      "version": "1.2.0",
      "resolved": "https://registry.npmjs.org/d3-dsv/-/d3-dsv-1.2.0.tgz",
      "integrity": "sha512-9yVlqvZcSOMhCYzniHE7EVUws7Fa1zgw+/EAV2BxJoG3ME19V6BQFBwI855XQDsxyOuG7NibqRMTtiF/Qup46g==",
      "requires": {
        "commander": "2",
        "iconv-lite": "0.4",
        "rw": "1"
      }
    },
    "d3-ease": {
      "version": "1.0.6",
      "resolved": "https://registry.npmjs.org/d3-ease/-/d3-ease-1.0.6.tgz",
      "integrity": "sha512-SZ/lVU7LRXafqp7XtIcBdxnWl8yyLpgOmzAk0mWBI9gXNzLDx5ybZgnRbH9dN/yY5tzVBqCQ9avltSnqVwessQ=="
    },
    "d3-force": {
      "version": "1.2.1",
      "resolved": "https://registry.npmjs.org/d3-force/-/d3-force-1.2.1.tgz",
      "integrity": "sha512-HHvehyaiUlVo5CxBJ0yF/xny4xoaxFxDnBXNvNcfW9adORGZfyNF1dj6DGLKyk4Yh3brP/1h3rnDzdIAwL08zg==",
      "requires": {
        "d3-collection": "1",
        "d3-dispatch": "1",
        "d3-quadtree": "1",
        "d3-timer": "1"
      }
    },
    "d3-format": {
      "version": "1.4.3",
      "resolved": "https://registry.npmjs.org/d3-format/-/d3-format-1.4.3.tgz",
      "integrity": "sha512-mm/nE2Y9HgGyjP+rKIekeITVgBtX97o1nrvHCWX8F/yBYyevUTvu9vb5pUnKwrcSw7o7GuwMOWjS9gFDs4O+uQ=="
    },
    "d3-geo": {
      "version": "1.11.9",
      "resolved": "https://registry.npmjs.org/d3-geo/-/d3-geo-1.11.9.tgz",
      "integrity": "sha512-9edcH6J3s/Aa3KJITWqFJbyB/8q3mMlA9Fi7z6yy+FAYMnRaxmC7jBhUnsINxVWD14GmqX3DK8uk7nV6/Ekt4A==",
      "requires": {
        "d3-array": "1"
      }
    },
    "d3-geo-projection": {
      "version": "2.8.1",
      "resolved": "https://registry.npmjs.org/d3-geo-projection/-/d3-geo-projection-2.8.1.tgz",
      "integrity": "sha512-VObmT3vQQgU7IxkDwyIuOrWK4AS2OHyvucp1vHo98WE7DvAN+VcS3Pf/oKenszPfbMtHusOfQNBLEMyGHguvTg==",
      "requires": {
        "commander": "2",
        "d3-array": "1",
        "d3-geo": "^1.10.0",
        "resolve": "^1.1.10"
      }
    },
    "d3-hierarchy": {
      "version": "1.1.9",
      "resolved": "https://registry.npmjs.org/d3-hierarchy/-/d3-hierarchy-1.1.9.tgz",
      "integrity": "sha512-j8tPxlqh1srJHAtxfvOUwKNYJkQuBFdM1+JAUfq6xqH5eAqf93L7oG1NVqDa4CpFZNvnNKtCYEUC8KY9yEn9lQ=="
    },
    "d3-interpolate": {
      "version": "1.4.0",
      "resolved": "https://registry.npmjs.org/d3-interpolate/-/d3-interpolate-1.4.0.tgz",
      "integrity": "sha512-V9znK0zc3jOPV4VD2zZn0sDhZU3WAE2bmlxdIwwQPPzPjvyLkd8B3JUVdS1IDUFDkWZ72c9qnv1GK2ZagTZ8EA==",
      "requires": {
        "d3-color": "1"
      }
    },
    "d3-interpolate-path": {
      "version": "2.1.2",
      "resolved": "https://registry.npmjs.org/d3-interpolate-path/-/d3-interpolate-path-2.1.2.tgz",
      "integrity": "sha512-zjaBCW2Snz9eEiT0mSfqIEzliAeLlqudJsDS5LJohxoXPa5BUsxXwrvNRUoANNes6kZSesn8qBLanNMm/GX4eA==",
      "requires": {
        "d3-interpolate": "^1.1.1"
      }
    },
    "d3-path": {
      "version": "1.0.9",
      "resolved": "https://registry.npmjs.org/d3-path/-/d3-path-1.0.9.tgz",
      "integrity": "sha512-VLaYcn81dtHVTjEHd8B+pbe9yHWpXKZUC87PzoFmsFrJqgFwDe/qxfp5MlfsfM1V5E/iVt0MmEbWQ7FVIXh/bg=="
    },
    "d3-polygon": {
      "version": "1.0.6",
      "resolved": "https://registry.npmjs.org/d3-polygon/-/d3-polygon-1.0.6.tgz",
      "integrity": "sha512-k+RF7WvI08PC8reEoXa/w2nSg5AUMTi+peBD9cmFc+0ixHfbs4QmxxkarVal1IkVkgxVuk9JSHhJURHiyHKAuQ=="
    },
    "d3-quadtree": {
      "version": "1.0.7",
      "resolved": "https://registry.npmjs.org/d3-quadtree/-/d3-quadtree-1.0.7.tgz",
      "integrity": "sha512-RKPAeXnkC59IDGD0Wu5mANy0Q2V28L+fNe65pOCXVdVuTJS3WPKaJlFHer32Rbh9gIo9qMuJXio8ra4+YmIymA=="
    },
    "d3-queue": {
      "version": "3.0.7",
      "resolved": "https://registry.npmjs.org/d3-queue/-/d3-queue-3.0.7.tgz",
      "integrity": "sha1-yTouVLQXwJWRKdfXP2z31Ckudhg="
    },
    "d3-request": {
      "version": "1.0.6",
      "resolved": "https://registry.npmjs.org/d3-request/-/d3-request-1.0.6.tgz",
      "integrity": "sha512-FJj8ySY6GYuAJHZMaCQ83xEYE4KbkPkmxZ3Hu6zA1xxG2GD+z6P+Lyp+zjdsHf0xEbp2xcluDI50rCS855EQ6w==",
      "requires": {
        "d3-collection": "1",
        "d3-dispatch": "1",
        "d3-dsv": "1",
        "xmlhttprequest": "1"
      }
    },
    "d3-sankey": {
      "version": "0.7.1",
      "resolved": "https://registry.npmjs.org/d3-sankey/-/d3-sankey-0.7.1.tgz",
      "integrity": "sha1-0imDImj8aaf+yEgD6WwiVqYUxSE=",
      "requires": {
        "d3-array": "1",
        "d3-collection": "1",
        "d3-shape": "^1.2.0"
      }
    },
    "d3-scale": {
      "version": "2.2.2",
      "resolved": "https://registry.npmjs.org/d3-scale/-/d3-scale-2.2.2.tgz",
      "integrity": "sha512-LbeEvGgIb8UMcAa0EATLNX0lelKWGYDQiPdHj+gLblGVhGLyNbaCn3EvrJf0A3Y/uOOU5aD6MTh5ZFCdEwGiCw==",
      "requires": {
        "d3-array": "^1.2.0",
        "d3-collection": "1",
        "d3-format": "1",
        "d3-interpolate": "1",
        "d3-time": "1",
        "d3-time-format": "2"
      }
    },
    "d3-selection": {
      "version": "1.4.1",
      "resolved": "https://registry.npmjs.org/d3-selection/-/d3-selection-1.4.1.tgz",
      "integrity": "sha512-BTIbRjv/m5rcVTfBs4AMBLKs4x8XaaLkwm28KWu9S2vKNqXkXt2AH2Qf0sdPZHjFxcWg/YL53zcqAz+3g4/7PA=="
    },
    "d3-shape": {
      "version": "1.3.7",
      "resolved": "https://registry.npmjs.org/d3-shape/-/d3-shape-1.3.7.tgz",
      "integrity": "sha512-EUkvKjqPFUAZyOlhY5gzCxCeI0Aep04LwIRpsZ/mLFelJiUfnK56jo5JMDSE7yyP2kLSb6LtF+S5chMk7uqPqw==",
      "requires": {
        "d3-path": "1"
      }
    },
    "d3-tile": {
      "version": "0.0.4",
      "resolved": "https://registry.npmjs.org/d3-tile/-/d3-tile-0.0.4.tgz",
      "integrity": "sha1-LV+N7CB78+n9w4/HTkXXw6s6qAg=",
      "requires": {
        "d3-array": "1"
      }
    },
    "d3-time": {
      "version": "1.1.0",
      "resolved": "https://registry.npmjs.org/d3-time/-/d3-time-1.1.0.tgz",
      "integrity": "sha512-Xh0isrZ5rPYYdqhAVk8VLnMEidhz5aP7htAADH6MfzgmmicPkTo8LhkLxci61/lCB7n7UmE3bN0leRt+qvkLxA=="
    },
    "d3-time-format": {
      "version": "2.2.3",
      "resolved": "https://registry.npmjs.org/d3-time-format/-/d3-time-format-2.2.3.tgz",
      "integrity": "sha512-RAHNnD8+XvC4Zc4d2A56Uw0yJoM7bsvOlJR33bclxq399Rak/b9bhvu/InjxdWhPtkgU53JJcleJTGkNRnN6IA==",
      "requires": {
        "d3-time": "1"
      }
    },
    "d3-timer": {
      "version": "1.0.10",
      "resolved": "https://registry.npmjs.org/d3-timer/-/d3-timer-1.0.10.tgz",
      "integrity": "sha512-B1JDm0XDaQC+uvo4DT79H0XmBskgS3l6Ve+1SBCfxgmtIb1AVrPIoqd+nPSv+loMX8szQ0sVUhGngL7D5QPiXw=="
    },
    "d3-transition": {
      "version": "1.3.2",
      "resolved": "https://registry.npmjs.org/d3-transition/-/d3-transition-1.3.2.tgz",
      "integrity": "sha512-sc0gRU4PFqZ47lPVHloMn9tlPcv8jxgOQg+0zjhfZXMQuvppjG6YuwdMBE0TuqCZjeJkLecku/l9R0JPcRhaDA==",
      "requires": {
        "d3-color": "1",
        "d3-dispatch": "1",
        "d3-ease": "1",
        "d3-interpolate": "1",
        "d3-selection": "^1.1.0",
        "d3-timer": "1"
      }
    },
    "d3-zoom": {
      "version": "1.8.3",
      "resolved": "https://registry.npmjs.org/d3-zoom/-/d3-zoom-1.8.3.tgz",
      "integrity": "sha512-VoLXTK4wvy1a0JpH2Il+F2CiOhVu7VRXWF5M/LroMIh3/zBAC3WAt7QoIvPibOavVo20hN6/37vwAsdBejLyKQ==",
      "requires": {
        "d3-dispatch": "1",
        "d3-drag": "1",
        "d3-interpolate": "1",
        "d3-selection": "1",
        "d3-transition": "1"
      }
    },
    "d3plus": {
      "version": "2.0.0-alpha.25",
      "resolved": "https://registry.npmjs.org/d3plus/-/d3plus-2.0.0-alpha.25.tgz",
      "integrity": "sha512-UvpyDeoBphh6dwK1XWN8gsWJgNFUkOYWV8Z6W/aK3oV1O7U/Hp6PsHZn/ZP7nUKNplOvxGVQYNzWnviIOe+C2Q==",
      "requires": {
        "d3plus-axis": "^0.4.17",
        "d3plus-color": "^0.6.7",
        "d3plus-common": "^0.6.60",
        "d3plus-format": "^0.1.16",
        "d3plus-geomap": "^0.6.8",
        "d3plus-hierarchy": "^0.8.9",
        "d3plus-legend": "^0.8.27",
        "d3plus-network": "^0.5.11",
        "d3plus-plot": "^0.8.29",
        "d3plus-priestley": "^0.3.4",
        "d3plus-shape": "^0.16.13",
        "d3plus-text": "^0.9.50",
        "d3plus-timeline": "^0.4.13",
        "d3plus-tooltip": "^0.3.14",
        "d3plus-viz": "^0.12.48"
      }
    },
    "d3plus-axis": {
      "version": "0.4.18",
      "resolved": "https://registry.npmjs.org/d3plus-axis/-/d3plus-axis-0.4.18.tgz",
      "integrity": "sha512-Fwwy3jF7itElCCHo/uVDcEP+safkS62zJMoReCUHJTK3gpDxmNCV6o28Tgfx6YIA+eDr5rPCWfuoGgQjWc0gJQ==",
      "requires": {
        "d3-array": "^1.2.4",
        "d3-scale": "^2.1.2",
        "d3-selection": "^1.3.2",
        "d3-transition": "^1.1.3",
        "d3plus-common": "^0.6.60",
        "d3plus-format": "^0.1.16",
        "d3plus-shape": "^0.16.13",
        "d3plus-text": "^0.9.50"
      }
    },
    "d3plus-color": {
      "version": "0.6.7",
      "resolved": "https://registry.npmjs.org/d3plus-color/-/d3plus-color-0.6.7.tgz",
      "integrity": "sha512-OP9qv9Q80zijEyu1BUHofbBQPQl5xm7s246cE7xOhVyyuzlUmYv+XMa6/iqyD9rmU2UIYfKWSXMKSpTnAH/oDw==",
      "requires": {
        "d3-color": "^1.4.0",
        "d3-scale": "^2.2.2",
        "d3plus-common": "^0.6.57"
      }
    },
    "d3plus-common": {
      "version": "0.6.60",
      "resolved": "https://registry.npmjs.org/d3plus-common/-/d3plus-common-0.6.60.tgz",
      "integrity": "sha512-kK79YH/77zvbvGLzZCbdO79Lv7HzPK7N6GWg516oGwDmlMi90yUlveAvT9z4LMIKji5McATQ2zz9EzeJhtdhPA==",
      "requires": {
        "d3-array": "^1.2.4",
        "d3-collection": "^1.0.7",
        "d3-selection": "^1.4.0",
        "d3-transition": "^1.2.0",
        "iso639-codes": "^1.0.1",
        "windows-locale": "^1.0.1"
      }
    },
    "d3plus-export": {
      "version": "0.3.17",
      "resolved": "https://registry.npmjs.org/d3plus-export/-/d3plus-export-0.3.17.tgz",
      "integrity": "sha512-/HG/J6mD4ZVTkc1gEgQZl8l1+NXGIGlj6HfHiCNYSzHXGDH7YusfRo29W7sPM9kfckRpSD9aEMg2HiBKFTpjVQ==",
      "requires": {
        "canvas-toBlob": "^1.0.0",
        "canvg-browser": "^1.0.0",
        "d3-selection": "^1.4.0",
        "file-saver": "1.3.3",
        "html2canvas": "^0.5.0-beta4"
      }
    },
    "d3plus-form": {
      "version": "0.2.8",
      "resolved": "https://registry.npmjs.org/d3plus-form/-/d3plus-form-0.2.8.tgz",
      "integrity": "sha512-yQK3tT2RBD2WVMr/Se3GLE4jH/iEdYSbuJd0sluGPSTn2MuJ2dYYUt6QbrjGokR0tHpltdTw+bN1NmOIw6vvTw==",
      "requires": {
        "d3-selection": "^1.4.0",
        "d3plus-common": "^0.6.51"
      }
    },
    "d3plus-format": {
      "version": "0.1.16",
      "resolved": "https://registry.npmjs.org/d3plus-format/-/d3plus-format-0.1.16.tgz",
      "integrity": "sha512-ALW2D8yWjGj5y5Sz9Mm3XGH/yGdFkcyi5NcSp0vhT2mhELSDg7+EOpjiloLZjmep3S3zvHF8pgKW54jk2kwIkw==",
      "requires": {
        "d3-format": "^1.3.2"
      }
    },
    "d3plus-geomap": {
      "version": "0.6.12",
      "resolved": "https://registry.npmjs.org/d3plus-geomap/-/d3plus-geomap-0.6.12.tgz",
      "integrity": "sha512-KQgPk1AEJ+DSkQRO6V+Rni0YLyEga5Bo+0n9BYurCUuHFXKYYfVim6nMH9DtuRQtaaQqOZWK6EZzf+ZjAlqLkA==",
      "requires": {
        "d3-array": "^1.2.4",
        "d3-color": "^1.4.0",
        "d3-geo": "^1.11.9",
        "d3-geo-projection": "^2.8.1",
        "d3-scale": "^2.1.2",
        "d3-selection": "^1.4.1",
        "d3-tile": "0.0.4",
        "d3plus-common": "^0.6.60",
        "d3plus-shape": "^0.16.13",
        "d3plus-viz": "^0.12.49",
        "topojson-client": "^3.0.1"
      }
    },
    "d3plus-hierarchy": {
      "version": "0.8.10",
      "resolved": "https://registry.npmjs.org/d3plus-hierarchy/-/d3plus-hierarchy-0.8.10.tgz",
      "integrity": "sha512-2ySY71tW90PWkpYfvDNVvPq36ti0IERq9zUqLKsPrFhu1DpVyehsZN0+u32VzRmOmBSWBXillpeCZ1Ko55jcLg==",
      "requires": {
        "d3-array": "^1.2.4",
        "d3-collection": "^1.0.7",
        "d3-hierarchy": "^1.1.8",
        "d3-scale": "^2.2.2",
        "d3-shape": "^1.3.5",
        "d3plus-common": "^0.6.60",
        "d3plus-shape": "^0.16.13",
        "d3plus-viz": "^0.12.49"
      }
    },
    "d3plus-legend": {
      "version": "0.8.30",
      "resolved": "https://registry.npmjs.org/d3plus-legend/-/d3plus-legend-0.8.30.tgz",
      "integrity": "sha512-3bBb+bSeZ6vxCp2g0SZ0WrgCnAhS0Ryx/FSC+Z7Hsm3199Jggx37GyTmKEcCrdT0dAm9Xf8ZYdst2e67blXBFw==",
      "requires": {
        "d3-array": "^1.2.1",
        "d3-scale": "^2.0.0",
        "d3-selection": "^1.3.0",
        "d3plus-axis": "^0.4.18",
        "d3plus-color": "^0.6.7",
        "d3plus-common": "^0.6.60",
        "d3plus-shape": "^0.16.13",
        "d3plus-text": "^0.9.50"
      }
    },
    "d3plus-network": {
      "version": "0.5.11",
      "resolved": "https://registry.npmjs.org/d3plus-network/-/d3plus-network-0.5.11.tgz",
      "integrity": "sha512-YpNFVsIrfZC5y9nB2nQy/+Dluqc+MHyg7Vh7GB0VedZ5QJswiyfqgyDBOKH5k2uhWXwPpZjNYaCUDiFUnFFa0Q==",
      "requires": {
        "d3-array": "^1.2.4",
        "d3-force": "^1.2.1",
        "d3-sankey": "^0.7.1",
        "d3-scale": "^2.1.2",
        "d3plus-common": "^0.6.52",
        "d3plus-shape": "^0.16.10",
        "d3plus-viz": "^0.12.36"
      }
    },
    "d3plus-plot": {
      "version": "0.8.35",
      "resolved": "https://registry.npmjs.org/d3plus-plot/-/d3plus-plot-0.8.35.tgz",
      "integrity": "sha512-o4gLKhCKqiSPNwo+1oVUtGIEHUWu80i6uBfKu9eQKBxgQ5rytCm4bhCxuJy29jZVabO+mMPT5zkqDTDTg9Z73Q==",
      "requires": {
        "d3-array": "^1.2.4",
        "d3-collection": "^1.0.7",
        "d3-scale": "^2.1.2",
        "d3-selection": "^1.3.2",
        "d3-shape": "^1.3.7",
        "d3plus-axis": "^0.4.18",
        "d3plus-color": "^0.6.7",
        "d3plus-common": "^0.6.60",
        "d3plus-shape": "^0.16.13",
        "d3plus-viz": "^0.12.49"
      }
    },
    "d3plus-priestley": {
      "version": "0.3.5",
      "resolved": "https://registry.npmjs.org/d3plus-priestley/-/d3plus-priestley-0.3.5.tgz",
      "integrity": "sha512-gSGq/yujL3yYkab9EclkzFh4zTzYWSlAffEj3gQWvjY6gQdknzP+nIfh1WtdiysVbdTxUVJJZ7HAled9PWPGpA==",
      "requires": {
        "d3-array": "^1.2.4",
        "d3-collection": "^1.0.7",
        "d3-scale": "^2.1.2",
        "d3plus-axis": "^0.4.18",
        "d3plus-common": "^0.6.60",
        "d3plus-shape": "^0.16.13",
        "d3plus-viz": "^0.12.50"
      }
    },
    "d3plus-shape": {
      "version": "0.16.13",
      "resolved": "https://registry.npmjs.org/d3plus-shape/-/d3plus-shape-0.16.13.tgz",
      "integrity": "sha512-/JVc3dxmYsR6wwMbb6et20FBfrrGC1uxWeZn1V0C41k8XkjjNWROjDHFz22dPkmA8L8XqI4pAkIbXagy6F68pQ==",
      "requires": {
        "d3-array": "^1.2.4",
        "d3-collection": "^1.0.7",
        "d3-color": "^1.4.0",
        "d3-interpolate-path": "^2.1.1",
        "d3-polygon": "^1.0.5",
        "d3-selection": "^1.4.0",
        "d3-shape": "^1.3.5",
        "d3-transition": "^1.2.0",
        "d3plus-color": "^0.6.7",
        "d3plus-common": "^0.6.57",
        "d3plus-text": "^0.9.50"
      }
    },
    "d3plus-text": {
      "version": "0.9.51",
      "resolved": "https://registry.npmjs.org/d3plus-text/-/d3plus-text-0.9.51.tgz",
      "integrity": "sha512-rizWx7fsqugqjTdKahYsuFDy0qhr5HaTUm4oWlDXuJQGm9A7FBQdz2P87HIprUWyOGHXJ19elfphVUKCpzbOmA==",
      "requires": {
        "d3-array": "^1.2.4",
        "d3-selection": "^1.4.0",
        "d3-transition": "^1.2.0",
        "d3plus-common": "^0.6.60"
      }
    },
    "d3plus-timeline": {
      "version": "0.4.13",
      "resolved": "https://registry.npmjs.org/d3plus-timeline/-/d3plus-timeline-0.4.13.tgz",
      "integrity": "sha512-i+N5VJ5UpfA6bvbqcYY3arVJLUAuIlGJVPFauCqpOEEgxZR/a1/WWJQ5IxBBpH3EnnFKbM/gBqzDhaYcWcjPWA==",
      "requires": {
        "d3-brush": "^1.0.6",
        "d3-selection": "^1.4.0",
        "d3plus-axis": "^0.4.11",
        "d3plus-common": "^0.6.51"
      }
    },
    "d3plus-tooltip": {
      "version": "0.3.14",
      "resolved": "https://registry.npmjs.org/d3plus-tooltip/-/d3plus-tooltip-0.3.14.tgz",
      "integrity": "sha512-SL2v/VUX9PkP3JJNnOSFVvFmVAITskRv2ykzDdhgZmMCZBy/tL98isvMdIW95F1vHrUVq6nKfJ6lJbLnwTey5Q==",
      "requires": {
        "d3-selection": "^1.4.0",
        "d3plus-common": "^0.6.60",
        "popper.js": "^1.15.0"
      }
    },
    "d3plus-viz": {
      "version": "0.12.51",
      "resolved": "https://registry.npmjs.org/d3plus-viz/-/d3plus-viz-0.12.51.tgz",
      "integrity": "sha512-68vcob7E6mYvFRYcBCMrQ8LqAysxx8oQUe+s607bgd8c9QPaVb/tMPftz8ZlgxwWMVFBvsQUmOoHTT3ZFyaquQ==",
      "requires": {
        "d3-array": "^1.2.4",
        "d3-brush": "^1.1.3",
        "d3-collection": "^1.0.7",
        "d3-color": "^1.4.0",
        "d3-queue": "^3.0.7",
        "d3-request": "^1.0.6",
        "d3-selection": "^1.4.0",
        "d3-transition": "^1.2.0",
        "d3-zoom": "^1.8.3",
        "d3plus-axis": "^0.4.17",
        "d3plus-color": "^0.6.7",
        "d3plus-common": "^0.6.57",
        "d3plus-export": "^0.3.16",
        "d3plus-form": "^0.2.8",
        "d3plus-format": "^0.1.16",
        "d3plus-legend": "^0.8.26",
        "d3plus-text": "^0.9.50",
        "d3plus-timeline": "^0.4.13",
        "d3plus-tooltip": "^0.3.12",
        "lrucache": "^1.0.3"
      }
    },
    "file-saver": {
      "version": "1.3.3",
      "resolved": "https://registry.npmjs.org/file-saver/-/file-saver-1.3.3.tgz",
      "integrity": "sha1-zdTETTqiZOrC9o7BZbx5HDSvEjI="
    },
    "html2canvas": {
      "version": "0.5.0-beta4",
      "resolved": "https://registry.npmjs.org/html2canvas/-/html2canvas-0.5.0-beta4.tgz",
      "integrity": "sha1-goLGKsX9eBaPVwK15IdxV8qT854="
    },
    "iconv-lite": {
      "version": "0.4.24",
      "resolved": "https://registry.npmjs.org/iconv-lite/-/iconv-lite-0.4.24.tgz",
      "integrity": "sha512-v3MXnZAcvnywkTUEZomIActle7RXXeedOR31wwl7VlyoXO4Qi9arvSenNQWne1TcRwhCL1HwLI21bEqdpj8/rA==",
      "requires": {
        "safer-buffer": ">= 2.1.2 < 3"
      }
    },
    "iso639-codes": {
      "version": "1.0.1",
      "resolved": "https://registry.npmjs.org/iso639-codes/-/iso639-codes-1.0.1.tgz",
      "integrity": "sha512-jdTSv8yn6D7GODDrRtuWG7y3du3aoa+ki5H8h/Y48/NleNAd7Fw/M2niTTLXGH4QnqhJ98hg1JMQtP9csQ31Lg=="
    },
    "lrucache": {
      "version": "1.0.3",
      "resolved": "https://registry.npmjs.org/lrucache/-/lrucache-1.0.3.tgz",
      "integrity": "sha1-Ox3tDRuoLhiLm9q6nu5khvhkpDQ="
    },
    "path-parse": {
      "version": "1.0.6",
      "resolved": "https://registry.npmjs.org/path-parse/-/path-parse-1.0.6.tgz",
      "integrity": "sha512-GSmOT2EbHrINBf9SR7CDELwlJ8AENk3Qn7OikK4nFYAu3Ote2+JYNVvkpAEQm3/TLNEJFD/xZJjzyxg3KBWOzw=="
    },
    "popper.js": {
      "version": "1.16.1",
      "resolved": "https://registry.npmjs.org/popper.js/-/popper.js-1.16.1.tgz",
      "integrity": "sha512-Wb4p1J4zyFTbM+u6WuO4XstYx4Ky9Cewe4DWrel7B0w6VVICvPwdOpotjzcf6eD8TsckVnIMNONQyPIUFOUbCQ=="
    },
    "resolve": {
      "version": "1.15.1",
      "resolved": "https://registry.npmjs.org/resolve/-/resolve-1.15.1.tgz",
      "integrity": "sha512-84oo6ZTtoTUpjgNEr5SJyzQhzL72gaRodsSfyxC/AXRvwu0Yse9H8eF9IpGo7b8YetZhlI6v7ZQ6bKBFV/6S7w==",
      "requires": {
        "path-parse": "^1.0.6"
      }
    },
    "rgbcolor": {
      "version": "0.0.4",
      "resolved": "https://registry.npmjs.org/rgbcolor/-/rgbcolor-0.0.4.tgz",
      "integrity": "sha1-ygRhWi0D62Hknyp18jmkb7d9ix0="
    },
    "rw": {
      "version": "1.3.3",
      "resolved": "https://registry.npmjs.org/rw/-/rw-1.3.3.tgz",
      "integrity": "sha1-P4Yt+pGrdmsUiF700BEkv9oHT7Q="
    },
    "safer-buffer": {
      "version": "2.1.2",
      "resolved": "https://registry.npmjs.org/safer-buffer/-/safer-buffer-2.1.2.tgz",
      "integrity": "sha512-YZo3K82SD7Riyi0E1EQPojLz7kpepnSQI9IyPbHHg1XXXevb5dJI7tpyN2ADxGcQbHG7vcyRHk0cbwqcQriUtg=="
    },
    "stackblur": {
      "version": "1.0.0",
      "resolved": "https://registry.npmjs.org/stackblur/-/stackblur-1.0.0.tgz",
      "integrity": "sha1-tAen4FyTsI1miDu4CNfLo6UD8S8="
    },
    "topojson-client": {
      "version": "3.1.0",
      "resolved": "https://registry.npmjs.org/topojson-client/-/topojson-client-3.1.0.tgz",
      "integrity": "sha512-605uxS6bcYxGXw9qi62XyrV6Q3xwbndjachmNxu8HWTtVPxZfEJN9fd/SZS1Q54Sn2y0TMyMxFj/cJINqGHrKw==",
      "requires": {
        "commander": "2"
      }
    },
    "windows-locale": {
      "version": "1.0.1",
      "resolved": "https://registry.npmjs.org/windows-locale/-/windows-locale-1.0.1.tgz",
      "integrity": "sha512-X8B22Cg9njwV4h3C5j28xmZ2eWaO69j63WhReeglB69LOT3LoqSO4Vb6TTVSfFikh4KQ9qBOJb6+WvR4tVLTfQ=="
    },
    "xmldom": {
      "version": "0.1.31",
      "resolved": "https://registry.npmjs.org/xmldom/-/xmldom-0.1.31.tgz",
      "integrity": "sha512-yS2uJflVQs6n+CyjHoaBmVSqIDevTAWrzMmjG1Gc7h1qQ7uVozNhEPJAwZXWyGQ/Gafo3fCwrcaokezLPupVyQ=="
    },
    "xmlhttprequest": {
      "version": "1.8.0",
      "resolved": "https://registry.npmjs.org/xmlhttprequest/-/xmlhttprequest-1.8.0.tgz",
      "integrity": "sha1-Z/4HXFwk/vOfnWX197f+dRcZaPw="
    }
  }
}
